
Microsoft Visual Studio Solution File, Format Version 12.00
# Visual Studio Version 17
VisualStudioVersion = 17.10.35027.167
MinimumVisualStudioVersion = 10.0.40219.1
Project("{8BC9CEB8-8B4A-11D0-8D11-00A0C91BC942}") = "00_timerSample", "00_timerSample\00_timerSample.vcxproj", "{7F4AEDA0-6D41-481F-B9E9-345873713E5A}"
EndProject
Project("{8BC9CEB8-8B4A-11D0-8D11-00A0C91BC942}") = "01_timerPump", "01_timerPump\01_timerPump.vcxproj", "{46C5FE04-914C-4DC8-8333-847695E931EB}"
EndProject
Project("{8BC9CEB8-8B4A-11D0-8D11-00A0C91BC942}") = "02_workerThread", "02_workerThread\02_workerThread.vcxproj", "{5909B095-E14A-4481-960A-F45460D14834}"
EndProject
Project("{8BC9CEB8-8B4A-11D0-8D11-00A0C91BC942}") = "03_multiThreadExit", "03_multiThreadExit\03_multiThreadExit.vcxproj", "{FAB3833B-5CCE-49DB-9FCE-1E19841EAB0F}"
EndProject
Project("{8BC9CEB8-8B4A-11D0-8D11-00A0C91BC942}") = "04_threadCtrl", "04_threadCtrl\04_threadCtrl.vcxproj", "{4EEF45B7-0DD6-4A6F-87AA-264B20B69F2E}"
EndProject
Project("{8BC9CEB8-8B4A-11D0-8D11-00A0C91BC942}") = "06_threadAndUi", "06_threadAndUi\06_threadAndUi.vcxproj", "{81430A3E-2D71-471D-AB24-75E4F09BF1C9}"
EndProject
Project("{8BC9CEB8-8B4A-11D0-8D11-00A0C91BC942}") = "07_eventObject", "07_eventObject\07_eventObject.vcxproj", "{774A16AD-10E2-4F47-B62A-D8A83B66F239}"
EndProject
Project("{8BC9CEB8-8B4A-11D0-8D11-00A0C91BC942}") = "08_preventDup", "08_preventDup\08_preventDup.vcxproj", "{0C75DD00-6173-4FB1-91B7-D95AF4867C46}"
EndProject
Project("{8BC9CEB8-8B4A-11D0-8D11-00A0C91BC942}") = "09_swUpdate", "09_swUpdate\09_swUpdate.vcxproj", "{FCFB0A12-0743-476E-8268-4330550DFA87}"
EndProject
Project("{8BC9CEB8-8B4A-11D0-8D11-00A0C91BC942}") = "10_mutexSample", "10_mutexSample\10_mutexSample.vcxproj", "{DC970A76-DCB6-4F6C-88F8-CE72DCEE39F5}"
EndProject
Project("{8BC9CEB8-8B4A-11D0-8D11-00A0C91BC942}") = "11_semaphoreSample", "11_semaphoreSample\11_semaphoreSample.vcxproj", "{4604EF04-D27F-49B4-A8EB-CF88C700EC7A}"
EndProject
Project("{8BC9CEB8-8B4A-11D0-8D11-00A0C91BC942}") = "12_odbcSample", "12_odbcSample\12_odbcSample.vcxproj", "{13D9ACFB-D4CE-4314-8307-A86551F626F9}"
EndProject
Project("{8BC9CEB8-8B4A-11D0-8D11-00A0C91BC942}") = "13_odbcApi", "13_odbcApi\13_odbcApi.vcxproj", "{8AAA89A7-97E0-4573-9F20-1F3269208A44}"
EndProject
Project("{8BC9CEB8-8B4A-11D0-8D11-00A0C91BC942}") = "14_multiTables", "14_multiTables\14_multiTables.vcxproj", "{0C28E50A-071A-4563-86FF-697A893158AD}"
EndProject
Project("{8BC9CEB8-8B4A-11D0-8D11-00A0C91BC942}") = "16_transSample", "16_transSample\16_transSample.vcxproj", "{779BAD8B-CCB7-4D82-827C-43A304D82ECB}"
EndProject
Project("{8BC9CEB8-8B4A-11D0-8D11-00A0C91BC942}") = "05_criticalSection", "05_criticalSection\05_criticalSection.vcxproj", "{B64E05A2-0406-4888-9D7D-9011BAFCC479}"
EndProject
Project("{8BC9CEB8-8B4A-11D0-8D11-00A0C91BC942}") = "09_updater", "09_updater\09_updater.vcxproj", "{68F4DFD5-1CCE-424F-87E8-D92FC40CFE28}"
EndProject
Project("{8BC9CEB8-8B4A-11D0-8D11-00A0C91BC942}") = "15_joinSample", "15_joinSample\15_joinSample.vcxproj", "{7114BF06-8674-403E-A8FB-8F705C5475DD}"
EndProject
Project("{8BC9CEB8-8B4A-11D0-8D11-00A0C91BC942}") = "13_odbcDriverConnect", "13_odbcDriverConnect\13_odbcDriverConnect.vcxproj", "{2B7ED2B4-BF48-48D0-AAB6-09D70091AF10}"
EndProject
Global
	GlobalSection(SolutionConfigurationPlatforms) = preSolution
		Debug|x64 = Debug|x64
		Debug|x86 = Debug|x86
		Release|x64 = Release|x64
		Release|x86 = Release|x86
	EndGlobalSection
	GlobalSection(ProjectConfigurationPlatforms) = postSolution
		{7F4AEDA0-6D41-481F-B9E9-345873713E5A}.Debug|x64.ActiveCfg = Debug|x64
		{7F4AEDA0-6D41-481F-B9E9-345873713E5A}.Debug|x64.Build.0 = Debug|x64
		{7F4AEDA0-6D41-481F-B9E9-345873713E5A}.Debug|x86.ActiveCfg = Debug|Win32
		{7F4AEDA0-6D41-481F-B9E9-345873713E5A}.Debug|x86.Build.0 = Debug|Win32
		{7F4AEDA0-6D41-481F-B9E9-345873713E5A}.Release|x64.ActiveCfg = Release|x64
		{7F4AEDA0-6D41-481F-B9E9-345873713E5A}.Release|x64.Build.0 = Release|x64
		{7F4AEDA0-6D41-481F-B9E9-345873713E5A}.Release|x86.ActiveCfg = Release|Win32
		{7F4AEDA0-6D41-481F-B9E9-345873713E5A}.Release|x86.Build.0 = Release|Win32
		{46C5FE04-914C-4DC8-8333-847695E931EB}.Debug|x64.ActiveCfg = Debug|x64
		{46C5FE04-914C-4DC8-8333-847695E931EB}.Debug|x64.Build.0 = Debug|x64
		{46C5FE04-914C-4DC8-8333-847695E931EB}.Debug|x86.ActiveCfg = Debug|Win32
		{46C5FE04-914C-4DC8-8333-847695E931EB}.Debug|x86.Build.0 = Debug|Win32
		{46C5FE04-914C-4DC8-8333-847695E931EB}.Release|x64.ActiveCfg = Release|x64
		{46C5FE04-914C-4DC8-8333-847695E931EB}.Release|x64.Build.0 = Release|x64
		{46C5FE04-914C-4DC8-8333-847695E931EB}.Release|x86.ActiveCfg = Release|Win32
		{46C5FE04-914C-4DC8-8333-847695E931EB}.Release|x86.Build.0 = Release|Win32
		{5909B095-E14A-4481-960A-F45460D14834}.Debug|x64.ActiveCfg = Debug|x64
		{5909B095-E14A-4481-960A-F45460D14834}.Debug|x64.Build.0 = Debug|x64
		{5909B095-E14A-4481-960A-F45460D14834}.Debug|x86.ActiveCfg = Debug|Win32
		{5909B095-E14A-4481-960A-F45460D14834}.Debug|x86.Build.0 = Debug|Win32
		{5909B095-E14A-4481-960A-F45460D14834}.Release|x64.ActiveCfg = Release|x64
		{5909B095-E14A-4481-960A-F45460D14834}.Release|x64.Build.0 = Release|x64
		{5909B095-E14A-4481-960A-F45460D14834}.Release|x86.ActiveCfg = Release|Win32
		{5909B095-E14A-4481-960A-F45460D14834}.Release|x86.Build.0 = Release|Win32
		{FAB3833B-5CCE-49DB-9FCE-1E19841EAB0F}.Debug|x64.ActiveCfg = Debug|x64
		{FAB3833B-5CCE-49DB-9FCE-1E19841EAB0F}.Debug|x64.Build.0 = Debug|x64
		{FAB3833B-5CCE-49DB-9FCE-1E19841EAB0F}.Debug|x86.ActiveCfg = Debug|Win32
		{FAB3833B-5CCE-49DB-9FCE-1E19841EAB0F}.Debug|x86.Build.0 = Debug|Win32
		{FAB3833B-5CCE-49DB-9FCE-1E19841EAB0F}.Release|x64.ActiveCfg = Release|x64
		{FAB3833B-5CCE-49DB-9FCE-1E19841EAB0F}.Release|x64.Build.0 = Release|x64
		{FAB3833B-5CCE-49DB-9FCE-1E19841EAB0F}.Release|x86.ActiveCfg = Release|Win32
		{FAB3833B-5CCE-49DB-9FCE-1E19841EAB0F}.Release|x86.Build.0 = Release|Win32
		{4EEF45B7-0DD6-4A6F-87AA-264B20B69F2E}.Debug|x64.ActiveCfg = Debug|x64
		{4EEF45B7-0DD6-4A6F-87AA-264B20B69F2E}.Debug|x64.Build.0 = Debug|x64
		{4EEF45B7-0DD6-4A6F-87AA-264B20B69F2E}.Debug|x86.ActiveCfg = Debug|Win32
		{4EEF45B7-0DD6-4A6F-87AA-264B20B69F2E}.Debug|x86.Build.0 = Debug|Win32
		{4EEF45B7-0DD6-4A6F-87AA-264B20B69F2E}.Release|x64.ActiveCfg = Release|x64
		{4EEF45B7-0DD6-4A6F-87AA-264B20B69F2E}.Release|x64.Build.0 = Release|x64
		{4EEF45B7-0DD6-4A6F-87AA-264B20B69F2E}.Release|x86.ActiveCfg = Release|Win32
		{4EEF45B7-0DD6-4A6F-87AA-264B20B69F2E}.Release|x86.Build.0 = Release|Win32
		{81430A3E-2D71-471D-AB24-75E4F09BF1C9}.Debug|x64.ActiveCfg = Debug|x64
		{81430A3E-2D71-471D-AB24-75E4F09BF1C9}.Debug|x64.Build.0 = Debug|x64
		{81430A3E-2D71-471D-AB24-75E4F09BF1C9}.Debug|x86.ActiveCfg = Debug|Win32
		{81430A3E-2D71-471D-AB24-75E4F09BF1C9}.Debug|x86.Build.0 = Debug|Win32
		{81430A3E-2D71-471D-AB24-75E4F09BF1C9}.Release|x64.ActiveCfg = Release|x64
		{81430A3E-2D71-471D-AB24-75E4F09BF1C9}.Release|x64.Build.0 = Release|x64
		{81430A3E-2D71-471D-AB24-75E4F09BF1C9}.Release|x86.ActiveCfg = Release|Win32
		{81430A3E-2D71-471D-AB24-75E4F09BF1C9}.Release|x86.Build.0 = Release|Win32
		{774A16AD-10E2-4F47-B62A-D8A83B66F239}.Debug|x64.ActiveCfg = Debug|x64
		{774A16AD-10E2-4F47-B62A-D8A83B66F239}.Debug|x64.Build.0 = Debug|x64
		{774A16AD-10E2-4F47-B62A-D8A83B66F239}.Debug|x86.ActiveCfg = Debug|Win32
		{774A16AD-10E2-4F47-B62A-D8A83B66F239}.Debug|x86.Build.0 = Debug|Win32
		{774A16AD-10E2-4F47-B62A-D8A83B66F239}.Release|x64.ActiveCfg = Release|x64
		{774A16AD-10E2-4F47-B62A-D8A83B66F239}.Release|x64.Build.0 = Release|x64
		{774A16AD-10E2-4F47-B62A-D8A83B66F239}.Release|x86.ActiveCfg = Release|Win32
		{774A16AD-10E2-4F47-B62A-D8A83B66F239}.Release|x86.Build.0 = Release|Win32
		{0C75DD00-6173-4FB1-91B7-D95AF4867C46}.Debug|x64.ActiveCfg = Debug|x64
		{0C75DD00-6173-4FB1-91B7-D95AF4867C46}.Debug|x64.Build.0 = Debug|x64
		{0C75DD00-6173-4FB1-91B7-D95AF4867C46}.Debug|x86.ActiveCfg = Debug|Win32
		{0C75DD00-6173-4FB1-91B7-D95AF4867C46}.Debug|x86.Build.0 = Debug|Win32
		{0C75DD00-6173-4FB1-91B7-D95AF4867C46}.Release|x64.ActiveCfg = Release|x64
		{0C75DD00-6173-4FB1-91B7-D95AF4867C46}.Release|x64.Build.0 = Release|x64
		{0C75DD00-6173-4FB1-91B7-D95AF4867C46}.Release|x86.ActiveCfg = Release|Win32
		{0C75DD00-6173-4FB1-91B7-D95AF4867C46}.Release|x86.Build.0 = Release|Win32
		{FCFB0A12-0743-476E-8268-4330550DFA87}.Debug|x64.ActiveCfg = Debug|x64
		{FCFB0A12-0743-476E-8268-4330550DFA87}.Debug|x64.Build.0 = Debug|x64
		{FCFB0A12-0743-476E-8268-4330550DFA87}.Debug|x86.ActiveCfg = Debug|Win32
		{FCFB0A12-0743-476E-8268-4330550DFA87}.Debug|x86.Build.0 = Debug|Win32
		{FCFB0A12-0743-476E-8268-4330550DFA87}.Release|x64.ActiveCfg = Release|x64
		{FCFB0A12-0743-476E-8268-4330550DFA87}.Release|x64.Build.0 = Release|x64
		{FCFB0A12-0743-476E-8268-4330550DFA87}.Release|x86.ActiveCfg = Release|Win32
		{FCFB0A12-0743-476E-8268-4330550DFA87}.Release|x86.Build.0 = Release|Win32
		{DC970A76-DCB6-4F6C-88F8-CE72DCEE39F5}.Debug|x64.ActiveCfg = Debug|x64
		{DC970A76-DCB6-4F6C-88F8-CE72DCEE39F5}.Debug|x64.Build.0 = Debug|x64
		{DC970A76-DCB6-4F6C-88F8-CE72DCEE39F5}.Debug|x86.ActiveCfg = Debug|Win32
		{DC970A76-DCB6-4F6C-88F8-CE72DCEE39F5}.Debug|x86.Build.0 = Debug|Win32
		{DC970A76-DCB6-4F6C-88F8-CE72DCEE39F5}.Release|x64.ActiveCfg = Release|x64
		{DC970A76-DCB6-4F6C-88F8-CE72DCEE39F5}.Release|x64.Build.0 = Release|x64
		{DC970A76-DCB6-4F6C-88F8-CE72DCEE39F5}.Release|x86.ActiveCfg = Release|Win32
		{DC970A76-DCB6-4F6C-88F8-CE72DCEE39F5}.Release|x86.Build.0 = Release|Win32
		{4604EF04-D27F-49B4-A8EB-CF88C700EC7A}.Debug|x64.ActiveCfg = Debug|x64
		{4604EF04-D27F-49B4-A8EB-CF88C700EC7A}.Debug|x64.Build.0 = Debug|x64
		{4604EF04-D27F-49B4-A8EB-CF88C700EC7A}.Debug|x86.ActiveCfg = Debug|Win32
		{4604EF04-D27F-49B4-A8EB-CF88C700EC7A}.Debug|x86.Build.0 = Debug|Win32
		{4604EF04-D27F-49B4-A8EB-CF88C700EC7A}.Release|x64.ActiveCfg = Release|x64
		{4604EF04-D27F-49B4-A8EB-CF88C700EC7A}.Release|x64.Build.0 = Release|x64
		{4604EF04-D27F-49B4-A8EB-CF88C700EC7A}.Release|x86.ActiveCfg = Release|Win32
		{4604EF04-D27F-49B4-A8EB-CF88C700EC7A}.Release|x86.Build.0 = Release|Win32
		{13D9ACFB-D4CE-4314-8307-A86551F626F9}.Debug|x64.ActiveCfg = Debug|x64
		{13D9ACFB-D4CE-4314-8307-A86551F626F9}.Debug|x64.Build.0 = Debug|x64
		{13D9ACFB-D4CE-4314-8307-A86551F626F9}.Debug|x86.ActiveCfg = Debug|Win32
		{13D9ACFB-D4CE-4314-8307-A86551F626F9}.Debug|x86.Build.0 = Debug|Win32
		{13D9ACFB-D4CE-4314-8307-A86551F626F9}.Release|x64.ActiveCfg = Release|x64
		{13D9ACFB-D4CE-4314-8307-A86551F626F9}.Release|x64.Build.0 = Release|x64
		{13D9ACFB-D4CE-4314-8307-A86551F626F9}.Release|x86.ActiveCfg = Release|Win32
		{13D9ACFB-D4CE-4314-8307-A86551F626F9}.Release|x86.Build.0 = Release|Win32
		{8AAA89A7-97E0-4573-9F20-1F3269208A44}.Debug|x64.ActiveCfg = Debug|x64
		{8AAA89A7-97E0-4573-9F20-1F3269208A44}.Debug|x64.Build.0 = Debug|x64
		{8AAA89A7-97E0-4573-9F20-1F3269208A44}.Debug|x86.ActiveCfg = Debug|Win32
		{8AAA89A7-97E0-4573-9F20-1F3269208A44}.Debug|x86.Build.0 = Debug|Win32
		{8AAA89A7-97E0-4573-9F20-1F3269208A44}.Release|x64.ActiveCfg = Release|x64
		{8AAA89A7-97E0-4573-9F20-1F3269208A44}.Release|x64.Build.0 = Release|x64
		{8AAA89A7-97E0-4573-9F20-1F3269208A44}.Release|x86.ActiveCfg = Release|Win32
		{8AAA89A7-97E0-4573-9F20-1F3269208A44}.Release|x86.Build.0 = Release|Win32
		{0C28E50A-071A-4563-86FF-697A893158AD}.Debug|x64.ActiveCfg = Debug|x64
		{0C28E50A-071A-4563-86FF-697A893158AD}.Debug|x64.Build.0 = Debug|x64
		{0C28E50A-071A-4563-86FF-697A893158AD}.Debug|x86.ActiveCfg = Debug|Win32
		{0C28E50A-071A-4563-86FF-697A893158AD}.Debug|x86.Build.0 = Debug|Win32
		{0C28E50A-071A-4563-86FF-697A893158AD}.Release|x64.ActiveCfg = Release|x64
		{0C28E50A-071A-4563-86FF-697A893158AD}.Release|x64.Build.0 = Release|x64
		{0C28E50A-071A-4563-86FF-697A893158AD}.Release|x86.ActiveCfg = Release|Win32
		{0C28E50A-071A-4563-86FF-697A893158AD}.Release|x86.Build.0 = Release|Win32
		{779BAD8B-CCB7-4D82-827C-43A304D82ECB}.Debug|x64.ActiveCfg = Debug|x64
		{779BAD8B-CCB7-4D82-827C-43A304D82ECB}.Debug|x64.Build.0 = Debug|x64
		{779BAD8B-CCB7-4D82-827C-43A304D82ECB}.Debug|x86.ActiveCfg = Debug|Win32
		{779BAD8B-CCB7-4D82-827C-43A304D82ECB}.Debug|x86.Build.0 = Debug|Win32
		{779BAD8B-CCB7-4D82-827C-43A304D82ECB}.Release|x64.ActiveCfg = Release|x64
		{779BAD8B-CCB7-4D82-827C-43A304D82ECB}.Release|x64.Build.0 = Release|x64
		{779BAD8B-CCB7-4D82-827C-43A304D82ECB}.Release|x86.ActiveCfg = Release|Win32
		{779BAD8B-CCB7-4D82-827C-43A304D82ECB}.Release|x86.Build.0 = Release|Win32
		{B64E05A2-0406-4888-9D7D-9011BAFCC479}.Debug|x64.ActiveCfg = Debug|x64
		{B64E05A2-0406-4888-9D7D-9011BAFCC479}.Debug|x64.Build.0 = Debug|x64
		{B64E05A2-0406-4888-9D7D-9011BAFCC479}.Debug|x86.ActiveCfg = Debug|Win32
		{B64E05A2-0406-4888-9D7D-9011BAFCC479}.Debug|x86.Build.0 = Debug|Win32
		{B64E05A2-0406-4888-9D7D-9011BAFCC479}.Release|x64.ActiveCfg = Release|x64
		{B64E05A2-0406-4888-9D7D-9011BAFCC479}.Release|x64.Build.0 = Release|x64
		{B64E05A2-0406-4888-9D7D-9011BAFCC479}.Release|x86.ActiveCfg = Release|Win32
		{B64E05A2-0406-4888-9D7D-9011BAFCC479}.Release|x86.Build.0 = Release|Win32
		{68F4DFD5-1CCE-424F-87E8-D92FC40CFE28}.Debug|x64.ActiveCfg = Debug|x64
		{68F4DFD5-1CCE-424F-87E8-D92FC40CFE28}.Debug|x64.Build.0 = Debug|x64
		{68F4DFD5-1CCE-424F-87E8-D92FC40CFE28}.Debug|x86.ActiveCfg = Debug|Win32
		{68F4DFD5-1CCE-424F-87E8-D92FC40CFE28}.Debug|x86.Build.0 = Debug|Win32
		{68F4DFD5-1CCE-424F-87E8-D92FC40CFE28}.Release|x64.ActiveCfg = Release|x64
		{68F4DFD5-1CCE-424F-87E8-D92FC40CFE28}.Release|x64.Build.0 = Release|x64
		{68F4DFD5-1CCE-424F-87E8-D92FC40CFE28}.Release|x86.ActiveCfg = Release|Win32
		{68F4DFD5-1CCE-424F-87E8-D92FC40CFE28}.Release|x86.Build.0 = Release|Win32
		{7114BF06-8674-403E-A8FB-8F705C5475DD}.Debug|x64.ActiveCfg = Debug|x64
		{7114BF06-8674-403E-A8FB-8F705C5475DD}.Debug|x64.Build.0 = Debug|x64
		{7114BF06-8674-403E-A8FB-8F705C5475DD}.Debug|x86.ActiveCfg = Debug|Win32
		{7114BF06-8674-403E-A8FB-8F705C5475DD}.Debug|x86.Build.0 = Debug|Win32
		{7114BF06-8674-403E-A8FB-8F705C5475DD}.Release|x64.ActiveCfg = Release|x64
		{7114BF06-8674-403E-A8FB-8F705C5475DD}.Release|x64.Build.0 = Release|x64
		{7114BF06-8674-403E-A8FB-8F705C5475DD}.Release|x86.ActiveCfg = Release|Win32
		{7114BF06-8674-403E-A8FB-8F705C5475DD}.Release|x86.Build.0 = Release|Win32
		{2B7ED2B4-BF48-48D0-AAB6-09D70091AF10}.Debug|x64.ActiveCfg = Debug|x64
		{2B7ED2B4-BF48-48D0-AAB6-09D70091AF10}.Debug|x64.Build.0 = Debug|x64
		{2B7ED2B4-BF48-48D0-AAB6-09D70091AF10}.Debug|x86.ActiveCfg = Debug|Win32
		{2B7ED2B4-BF48-48D0-AAB6-09D70091AF10}.Debug|x86.Build.0 = Debug|Win32
		{2B7ED2B4-BF48-48D0-AAB6-09D70091AF10}.Release|x64.ActiveCfg = Release|x64
		{2B7ED2B4-BF48-48D0-AAB6-09D70091AF10}.Release|x64.Build.0 = Release|x64
		{2B7ED2B4-BF48-48D0-AAB6-09D70091AF10}.Release|x86.ActiveCfg = Release|Win32
		{2B7ED2B4-BF48-48D0-AAB6-09D70091AF10}.Release|x86.Build.0 = Release|Win32
	EndGlobalSection
	GlobalSection(SolutionProperties) = preSolution
		HideSolutionNode = FALSE
	EndGlobalSection
	GlobalSection(ExtensibilityGlobals) = postSolution
		SolutionGuid = {3C7DE8A6-FA86-4754-BDC1-65FC16B48564}
	EndGlobalSection
EndGlobal
